{
  "name": "@marikaner/gap-vdm",
  "version": "1.17.25",
  "lockfileVersion": 1,
  "requires": true,
  "dependencies": {
    "@marikaner/gap3-core": {
      "version": "1.17.13",
      "resolved": "https://registry.npmjs.org/@marikaner/gap3-core/-/gap3-core-1.17.13.tgz",
      "integrity": "sha512-lA9qVwOBgrSwE5dxXSZ7FoNklZrYAnXqwUZ1O7DX3JGN9nT+VlSyGGvQZAYLjfJEMENi71GMfRLMUvwuEBvIKg=="
    },
    "typescript": {
      "version": "3.8.3",
      "resolved": "https://registry.npmjs.org/typescript/-/typescript-3.8.3.tgz",
      "integrity": "sha512-MYlEfn5VrLNsgudQTVJeNaQFUAI7DkhnOjdpAp4T+ku1TfQClewlbSuTVHiA+8skNBgaf02TL/kLOvig4y3G8w==",
      "dev": true
    }
  }
}
